// !$*UTF8*$!
{
	archiveVersion = 1;
	classes = {
	};
	objectVersion = 50;
	objects = {

/* Begin PBXBuildFile section */
		181A60C02599E738006FD5C1 /* LoadingView.swift in Sources */ = {isa = PBXBuildFile; fileRef = 181A60BF2599E738006FD5C1 /* LoadingView.swift */; };
		181A60C32599F62E006FD5C1 /* ErrorView.swift in Sources */ = {isa = PBXBuildFile; fileRef = 181A60C22599F62E006FD5C1 /* ErrorView.swift */; };
		18250C4725967FCF00EF8628 /* Weather_SwiftUIApp.swift in Sources */ = {isa = PBXBuildFile; fileRef = 18250C4625967FCF00EF8628 /* Weather_SwiftUIApp.swift */; };
		18250C4925967FCF00EF8628 /* ContentView.swift in Sources */ = {isa = PBXBuildFile; fileRef = 18250C4825967FCF00EF8628 /* ContentView.swift */; };
		18250C4B25967FCF00EF8628 /* Assets.xcassets in Resources */ = {isa = PBXBuildFile; fileRef = 18250C4A25967FCF00EF8628 /* Assets.xcassets */; };
		18250C4E25967FCF00EF8628 /* Preview Assets.xcassets in Resources */ = {isa = PBXBuildFile; fileRef = 18250C4D25967FCF00EF8628 /* Preview Assets.xcassets */; };
		18250C58259699C800EF8628 /* WeatherButton.swift in Sources */ = {isa = PBXBuildFile; fileRef = 18250C57259699C800EF8628 /* WeatherButton.swift */; };
		18250C5D25969A0900EF8628 /* WeatherStatusView.swift in Sources */ = {isa = PBXBuildFile; fileRef = 18250C5C25969A0900EF8628 /* WeatherStatusView.swift */; };
		18250C6125969A2600EF8628 /* CityTextView.swift in Sources */ = {isa = PBXBuildFile; fileRef = 18250C6025969A2500EF8628 /* CityTextView.swift */; };
		18250C6425969A3700EF8628 /* BackgroundView.swift in Sources */ = {isa = PBXBuildFile; fileRef = 18250C6325969A3700EF8628 /* BackgroundView.swift */; };
		18250C6725969A4A00EF8628 /* WeatherDayView.swift in Sources */ = {isa = PBXBuildFile; fileRef = 18250C6625969A4A00EF8628 /* WeatherDayView.swift */; };
		18250C6A25969A5C00EF8628 /* WeatherView.swift in Sources */ = {isa = PBXBuildFile; fileRef = 18250C6925969A5C00EF8628 /* WeatherView.swift */; };
		18250C6D2596A34100EF8628 /* WeatherObject.swift in Sources */ = {isa = PBXBuildFile; fileRef = 18250C6C2596A34100EF8628 /* WeatherObject.swift */; };
		18250C712596A5D300EF8628 /* Constant.swift in Sources */ = {isa = PBXBuildFile; fileRef = 18250C702596A5D300EF8628 /* Constant.swift */; };
		188D646B25990E6100A82E76 /* Row.swift in Sources */ = {isa = PBXBuildFile; fileRef = 188D646A25990E6100A82E76 /* Row.swift */; };
		188D647025991DA700A82E76 /* data.json in Resources */ = {isa = PBXBuildFile; fileRef = 188D646F25991DA700A82E76 /* data.json */; };
		188D647325991DBC00A82E76 /* CitiesObject.swift in Sources */ = {isa = PBXBuildFile; fileRef = 188D647225991DBC00A82E76 /* CitiesObject.swift */; };
		18CEC576259A7D63000F40E8 /* String+Extension.swift in Sources */ = {isa = PBXBuildFile; fileRef = 18CEC575259A7D63000F40E8 /* String+Extension.swift */; };
		18CEC579259A7D7A000F40E8 /* ListView.swift in Sources */ = {isa = PBXBuildFile; fileRef = 18CEC578259A7D7A000F40E8 /* ListView.swift */; };
/* End PBXBuildFile section */

/* Begin PBXFileReference section */
		181A60BF2599E738006FD5C1 /* LoadingView.swift */ = {isa = PBXFileReference; lastKnownFileType = sourcecode.swift; path = LoadingView.swift; sourceTree = "<group>"; };
		181A60C22599F62E006FD5C1 /* ErrorView.swift */ = {isa = PBXFileReference; lastKnownFileType = sourcecode.swift; path = ErrorView.swift; sourceTree = "<group>"; };
		18250C4325967FCF00EF8628 /* Weather-SwiftUI.app */ = {isa = PBXFileReference; explicitFileType = wrapper.application; includeInIndex = 0; path = "Weather-SwiftUI.app"; sourceTree = BUILT_PRODUCTS_DIR; };
		18250C4625967FCF00EF8628 /* Weather_SwiftUIApp.swift */ = {isa = PBXFileReference; lastKnownFileType = sourcecode.swift; path = Weather_SwiftUIApp.swift; sourceTree = "<group>"; };
		18250C4825967FCF00EF8628 /* ContentView.swift */ = {isa = PBXFileReference; lastKnownFileType = sourcecode.swift; path = ContentView.swift; sourceTree = "<group>"; };
		18250C4A25967FCF00EF8628 /* Assets.xcassets */ = {isa = PBXFileReference; lastKnownFileType = folder.assetcatalog; path = Assets.xcassets; sourceTree = "<group>"; };
		18250C4D25967FCF00EF8628 /* Preview Assets.xcassets */ = {isa = PBXFileReference; lastKnownFileType = folder.assetcatalog; path = "Preview Assets.xcassets"; sourceTree = "<group>"; };
		18250C4F25967FCF00EF8628 /* Info.plist */ = {isa = PBXFileReference; lastKnownFileType = text.plist.xml; path = Info.plist; sourceTree = "<group>"; };
		18250C57259699C800EF8628 /* WeatherButton.swift */ = {isa = PBXFileReference; lastKnownFileType = sourcecode.swift; path = WeatherButton.swift; sourceTree = "<group>"; };
		18250C5C25969A0900EF8628 /* WeatherStatusView.swift */ = {isa = PBXFileReference; lastKnownFileType = sourcecode.swift; path = WeatherStatusView.swift; sourceTree = "<group>"; };
		18250C6025969A2500EF8628 /* CityTextView.swift */ = {isa = PBXFileReference; lastKnownFileType = sourcecode.swift; path = CityTextView.swift; sourceTree = "<group>"; };
		18250C6325969A3700EF8628 /* BackgroundView.swift */ = {isa = PBXFileReference; lastKnownFileType = sourcecode.swift; path = BackgroundView.swift; sourceTree = "<group>"; };
		18250C6625969A4A00EF8628 /* WeatherDayView.swift */ = {isa = PBXFileReference; lastKnownFileType = sourcecode.swift; path = WeatherDayView.swift; sourceTree = "<group>"; };
		18250C6925969A5C00EF8628 /* WeatherView.swift */ = {isa = PBXFileReference; lastKnownFileType = sourcecode.swift; path = WeatherView.swift; sourceTree = "<group>"; };
		18250C6C2596A34100EF8628 /* WeatherObject.swift */ = {isa = PBXFileReference; lastKnownFileType = sourcecode.swift; path = WeatherObject.swift; sourceTree = "<group>"; };
		18250C702596A5D300EF8628 /* Constant.swift */ = {isa = PBXFileReference; lastKnownFileType = sourcecode.swift; path = Constant.swift; sourceTree = "<group>"; };
		188D646A25990E6100A82E76 /* Row.swift */ = {isa = PBXFileReference; lastKnownFileType = sourcecode.swift; path = Row.swift; sourceTree = "<group>"; };
		188D646F25991DA700A82E76 /* data.json */ = {isa = PBXFileReference; fileEncoding = 4; lastKnownFileType = text.json; path = data.json; sourceTree = "<group>"; };
		188D647225991DBC00A82E76 /* CitiesObject.swift */ = {isa = PBXFileReference; lastKnownFileType = sourcecode.swift; path = CitiesObject.swift; sourceTree = "<group>"; };
		18CEC575259A7D63000F40E8 /* String+Extension.swift */ = {isa = PBXFileReference; lastKnownFileType = sourcecode.swift; path = "String+Extension.swift"; sourceTree = "<group>"; };
		18CEC578259A7D7A000F40E8 /* ListView.swift */ = {isa = PBXFileReference; lastKnownFileType = sourcecode.swift; path = ListView.swift; sourceTree = "<group>"; };
/* End PBXFileReference section */

/* Begin PBXFrameworksBuildPhase section */
		18250C4025967FCE00EF8628 /* Frameworks */ = {
			isa = PBXFrameworksBuildPhase;
			buildActionMask = 2147483647;
			files = (
			);
			runOnlyForDeploymentPostprocessing = 0;
		};
/* End PBXFrameworksBuildPhase section */

/* Begin PBXGroup section */
		18250C3A25967FCE00EF8628 = {
			isa = PBXGroup;
			children = (
				18250C4525967FCF00EF8628 /* Weather-SwiftUI */,
				18250C4425967FCF00EF8628 /* Products */,
			);
			sourceTree = "<group>";
		};
		18250C4425967FCF00EF8628 /* Products */ = {
			isa = PBXGroup;
			children = (
				18250C4325967FCF00EF8628 /* Weather-SwiftUI.app */,
			);
			name = Products;
			sourceTree = "<group>";
		};
		18250C4525967FCF00EF8628 /* Weather-SwiftUI */ = {
			isa = PBXGroup;
			children = (
				18CEC574259A7D58000F40E8 /* Extension */,
				1891775F2599C33200921959 /* Client */,
				18250C6F2596A5BC00EF8628 /* Constant */,
				18250C5B259699F800EF8628 /* Views */,
				188D646F25991DA700A82E76 /* data.json */,
				18250C4625967FCF00EF8628 /* Weather_SwiftUIApp.swift */,
				18250C4825967FCF00EF8628 /* ContentView.swift */,
				18250C4A25967FCF00EF8628 /* Assets.xcassets */,
				18250C4F25967FCF00EF8628 /* Info.plist */,
				18250C4C25967FCF00EF8628 /* Preview Content */,
			);
			path = "Weather-SwiftUI";
			sourceTree = "<group>";
		};
		18250C4C25967FCF00EF8628 /* Preview Content */ = {
			isa = PBXGroup;
			children = (
				18250C4D25967FCF00EF8628 /* Preview Assets.xcassets */,
			);
			path = "Preview Content";
			sourceTree = "<group>";
		};
		18250C5B259699F800EF8628 /* Views */ = {
			isa = PBXGroup;
			children = (
				18250C57259699C800EF8628 /* WeatherButton.swift */,
				18250C5C25969A0900EF8628 /* WeatherStatusView.swift */,
				18250C6025969A2500EF8628 /* CityTextView.swift */,
				18250C6325969A3700EF8628 /* BackgroundView.swift */,
				18250C6625969A4A00EF8628 /* WeatherDayView.swift */,
				18250C6925969A5C00EF8628 /* WeatherView.swift */,
				188D646A25990E6100A82E76 /* Row.swift */,
				181A60BF2599E738006FD5C1 /* LoadingView.swift */,
				181A60C22599F62E006FD5C1 /* ErrorView.swift */,
				18CEC578259A7D7A000F40E8 /* ListView.swift */,
			);
			path = Views;
			sourceTree = "<group>";
		};
		18250C6F2596A5BC00EF8628 /* Constant */ = {
			isa = PBXGroup;
			children = (
				18250C702596A5D300EF8628 /* Constant.swift */,
			);
			path = Constant;
			sourceTree = "<group>";
		};
		1891775F2599C33200921959 /* Client */ = {
			isa = PBXGroup;
			children = (
				18250C6C2596A34100EF8628 /* WeatherObject.swift */,
				188D647225991DBC00A82E76 /* CitiesObject.swift */,
			);
			path = Client;
			sourceTree = "<group>";
		};
		18CEC574259A7D58000F40E8 /* Extension */ = {
			isa = PBXGroup;
			children = (
				18CEC575259A7D63000F40E8 /* String+Extension.swift */,
			);
			path = Extension;
			sourceTree = "<group>";
		};
/* End PBXGroup section */

/* Begin PBXNativeTarget section */
		18250C4225967FCE00EF8628 /* Weather-SwiftUI */ = {
			isa = PBXNativeTarget;
			buildConfigurationList = 18250C5225967FCF00EF8628 /* Build configuration list for PBXNativeTarget "Weather-SwiftUI" */;
			buildPhases = (
				18250C3F25967FCE00EF8628 /* Sources */,
				18250C4025967FCE00EF8628 /* Frameworks */,
				18250C4125967FCE00EF8628 /* Resources */,
			);
			buildRules = (
			);
			dependencies = (
			);
			name = "Weather-SwiftUI";
			productName = "Weather-SwiftUI";
			productReference = 18250C4325967FCF00EF8628 /* Weather-SwiftUI.app */;
			productType = "com.apple.product-type.application";
		};
/* End PBXNativeTarget section */

/* Begin PBXProject section */
		18250C3B25967FCE00EF8628 /* Project object */ = {
			isa = PBXProject;
			attributes = {
				LastSwiftUpdateCheck = 1200;
				LastUpgradeCheck = 1200;
				TargetAttributes = {
					18250C4225967FCE00EF8628 = {
						CreatedOnToolsVersion = 12.0;
					};
				};
			};
			buildConfigurationList = 18250C3E25967FCE00EF8628 /* Build configuration list for PBXProject "Weather-SwiftUI" */;
			compatibilityVersion = "Xcode 9.3";
			developmentRegion = en;
			hasScannedForEncodings = 0;
			knownRegions = (
				en,
				Base,
			);
			mainGroup = 18250C3A25967FCE00EF8628;
			productRefGroup = 18250C4425967FCF00EF8628 /* Products */;
			projectDirPath = "";
			projectRoot = "";
			targets = (
				18250C4225967FCE00EF8628 /* Weather-SwiftUI */,
			);
		};
/* End PBXProject section */

/* Begin PBXResourcesBuildPhase section */
		18250C4125967FCE00EF8628 /* Resources */ = {
			isa = PBXResourcesBuildPhase;
			buildActionMask = 2147483647;
			files = (
				18250C4E25967FCF00EF8628 /* Preview Assets.xcassets in Resources */,
				188D647025991DA700A82E76 /* data.json in Resources */,
				18250C4B25967FCF00EF8628 /* Assets.xcassets in Resources */,
			);
			runOnlyForDeploymentPostprocessing = 0;
		};
/* End PBXResourcesBuildPhase section */

/* Begin PBXSourcesBuildPhase section */
		18250C3F25967FCE00EF8628 /* Sources */ = {
			isa = PBXSourcesBuildPhase;
			buildActionMask = 2147483647;
			files = (
				18CEC579259A7D7A000F40E8 /* ListView.swift in Sources */,
				18250C6725969A4A00EF8628 /* WeatherDayView.swift in Sources */,
				18250C6425969A3700EF8628 /* BackgroundView.swift in Sources */,
				18250C4925967FCF00EF8628 /* ContentView.swift in Sources */,
				18250C6125969A2600EF8628 /* CityTextView.swift in Sources */,
				18250C5D25969A0900EF8628 /* WeatherStatusView.swift in Sources */,
				18250C4725967FCF00EF8628 /* Weather_SwiftUIApp.swift in Sources */,
				188D646B25990E6100A82E76 /* Row.swift in Sources */,
				18250C58259699C800EF8628 /* WeatherButton.swift in Sources */,
				18250C6A25969A5C00EF8628 /* WeatherView.swift in Sources */,
				188D647325991DBC00A82E76 /* CitiesObject.swift in Sources */,
				18250C712596A5D300EF8628 /* Constant.swift in Sources */,
				181A60C32599F62E006FD5C1 /* ErrorView.swift in Sources */,
				181A60C02599E738006FD5C1 /* LoadingView.swift in Sources */,
				18CEC576259A7D63000F40E8 /* String+Extension.swift in Sources */,
				18250C6D2596A34100EF8628 /* WeatherObject.swift in Sources */,
			);
			runOnlyForDeploymentPostprocessing = 0;
		};
/* End PBXSourcesBuildPhase section */

/* Begin XCBuildConfiguration section */
		18250C5025967FCF00EF8628 /* Debug */ = {
			isa = XCBuildConfiguration;
			buildSettings = {
				ALWAYS_SEARCH_USER_PATHS = NO;
				CLANG_ANALYZER_NONNULL = YES;
				CLANG_ANALYZER_NUMBER_OBJECT_CONVERSION = YES_AGGRESSIVE;
				CLANG_CXX_LANGUAGE_STANDARD = "gnu++14";
				CLANG_CXX_LIBRARY = "libc++";
				CLANG_ENABLE_MODULES = YES;
				CLANG_ENABLE_OBJC_ARC = YES;
				CLANG_ENABLE_OBJC_WEAK = YES;
				CLANG_WARN_BLOCK_CAPTURE_AUTORELEASING = YES;
				CLANG_WARN_BOOL_CONVERSION = YES;
				CLANG_WARN_COMMA = YES;
				CLANG_WARN_CONSTANT_CONVERSION = YES;
				CLANG_WARN_DEPRECATED_OBJC_IMPLEMENTATIONS = YES;
				CLANG_WARN_DIRECT_OBJC_ISA_USAGE = YES_ERROR;
				CLANG_WARN_DOCUMENTATION_COMMENTS = YES;
				CLANG_WARN_EMPTY_BODY = YES;
				CLANG_WARN_ENUM_CONVERSION = YES;
				CLANG_WARN_INFINITE_RECURSION = YES;
				CLANG_WARN_INT_CONVERSION = YES;
				CLANG_WARN_NON_LITERAL_NULL_CONVERSION = YES;
				CLANG_WARN_OBJC_IMPLICIT_RETAIN_SELF = YES;
				CLANG_WARN_OBJC_LITERAL_CONVERSION = YES;
				CLANG_WARN_OBJC_ROOT_CLASS = YES_ERROR;
				CLANG_WARN_QUOTED_INCLUDE_IN_FRAMEWORK_HEADER = YES;
				CLANG_WARN_RANGE_LOOP_ANALYSIS = YES;
				CLANG_WARN_STRICT_PROTOTYPES = YES;
				CLANG_WARN_SUSPICIOUS_MOVE = YES;
				CLANG_WARN_UNGUARDED_AVAILABILITY = YES_AGGRESSIVE;
				CLANG_WARN_UNREACHABLE_CODE = YES;
				CLANG_WARN__DUPLICATE_METHOD_MATCH = YES;
				COPY_PHASE_STRIP = NO;
				DEBUG_INFORMATION_FORMAT = dwarf;
				ENABLE_STRICT_OBJC_MSGSEND = YES;
				ENABLE_TESTABILITY = YES;
				GCC_C_LANGUAGE_STANDARD = gnu11;
				GCC_DYNAMIC_NO_PIC = NO;
				GCC_NO_COMMON_BLOCKS = YES;
				GCC_OPTIMIZATION_LEVEL = 0;
				GCC_PREPROCESSOR_DEFINITIONS = (
					"DEBUG=1",
					"$(inherited)",
				);
				GCC_WARN_64_TO_32_BIT_CONVERSION = YES;
				GCC_WARN_ABOUT_RETURN_TYPE = YES_ERROR;
				GCC_WARN_UNDECLARED_SELECTOR = YES;
				GCC_WARN_UNINITIALIZED_AUTOS = YES_AGGRESSIVE;
				GCC_WARN_UNUSED_FUNCTION = YES;
				GCC_WARN_UNUSED_VARIABLE = YES;
				IPHONEOS_DEPLOYMENT_TARGET = 14.0;
				MTL_ENABLE_DEBUG_INFO = INCLUDE_SOURCE;
				MTL_FAST_MATH = YES;
				ONLY_ACTIVE_ARCH = YES;
				SDKROOT = iphoneos;
				SWIFT_ACTIVE_COMPILATION_CONDITIONS = DEBUG;
				SWIFT_OPTIMIZATION_LEVEL = "-Onone";
			};
			name = Debug;
		};
		18250C5125967FCF00EF8628 /* Release */ = {
			isa = XCBuildConfiguration;
			buildSettings = {
				ALWAYS_SEARCH_USER_PATHS = NO;
				CLANG_ANALYZER_NONNULL = YES;
				CLANG_ANALYZER_NUMBER_OBJECT_CONVERSION = YES_AGGRESSIVE;
				CLANG_CXX_LANGUAGE_STANDARD = "gnu++14";
				CLANG_CXX_LIBRARY = "libc++";
				CLANG_ENABLE_MODULES = YES;
				CLANG_ENABLE_OBJC_ARC = YES;
				CLANG_ENABLE_OBJC_WEAK = YES;
				CLANG_WARN_BLOCK_CAPTURE_AUTORELEASING = YES;
				CLANG_WARN_BOOL_CONVERSION = YES;
				CLANG_WARN_COMMA = YES;
				CLANG_WARN_CONSTANT_CONVERSION = YES;
				CLANG_WARN_DEPRECATED_OBJC_IMPLEMENTATIONS = YES;
				CLANG_WARN_DIRECT_OBJC_ISA_USAGE = YES_ERROR;
				CLANG_WARN_DOCUMENTATION_COMMENTS = YES;
				CLANG_WARN_EMPTY_BODY = YES;
				CLANG_WARN_ENUM_CONVERSION = YES;
				CLANG_WARN_INFINITE_RECURSION = YES;
				CLANG_WARN_INT_CONVERSION = YES;
				CLANG_WARN_NON_LITERAL_NULL_CONVERSION = YES;
				CLANG_WARN_OBJC_IMPLICIT_RETAIN_SELF = YES;
				CLANG_WARN_OBJC_LITERAL_CONVERSION = YES;
				CLANG_WARN_OBJC_ROOT_CLASS = YES_ERROR;
				CLANG_WARN_QUOTED_INCLUDE_IN_FRAMEWORK_HEADER = YES;
				CLANG_WARN_RANGE_LOOP_ANALYSIS = YES;
				CLANG_WARN_STRICT_PROTOTYPES = YES;
				CLANG_WARN_SUSPICIOUS_MOVE = YES;
				CLANG_WARN_UNGUARDED_AVAILABILITY = YES_AGGRESSIVE;
				CLANG_WARN_UNREACHABLE_CODE = YES;
				CLANG_WARN__DUPLICATE_METHOD_MATCH = YES;
				COPY_PHASE_STRIP = NO;
				DEBUG_INFORMATION_FORMAT = "dwarf-with-dsym";
				ENABLE_NS_ASSERTIONS = NO;
				ENABLE_STRICT_OBJC_MSGSEND = YES;
				GCC_C_LANGUAGE_STANDARD = gnu11;
				GCC_NO_COMMON_BLOCKS = YES;
				GCC_WARN_64_TO_32_BIT_CONVERSION = YES;
				GCC_WARN_ABOUT_RETURN_TYPE = YES_ERROR;
				GCC_WARN_UNDECLARED_SELECTOR = YES;
				GCC_WARN_UNINITIALIZED_AUTOS = YES_AGGRESSIVE;
				GCC_WARN_UNUSED_FUNCTION = YES;
				GCC_WARN_UNUSED_VARIABLE = YES;
				IPHONEOS_DEPLOYMENT_TARGET = 14.0;
				MTL_ENABLE_DEBUG_INFO = NO;
				MTL_FAST_MATH = YES;
				SDKROOT = iphoneos;
				SWIFT_COMPILATION_MODE = wholemodule;
				SWIFT_OPTIMIZATION_LEVEL = "-O";
				VALIDATE_PRODUCT = YES;
			};
			name = Release;
		};
		18250C5325967FCF00EF8628 /* Debug */ = {
			isa = XCBuildConfiguration;
			buildSettings = {
				ASSETCATALOG_COMPILER_APPICON_NAME = AppIcon;
				ASSETCATALOG_COMPILER_GLOBAL_ACCENT_COLOR_NAME = AccentColor;
				CODE_SIGN_STYLE = Automatic;
				DEVELOPMENT_ASSET_PATHS = "\"Weather-SwiftUI/Preview Content\"";
				ENABLE_PREVIEWS = YES;
				INFOPLIST_FILE = "Weather-SwiftUI/Info.plist";
				IPHONEOS_DEPLOYMENT_TARGET = 14.0;
				LD_RUNPATH_SEARCH_PATHS = (
					"$(inherited)",
					"@executable_path/Frameworks",
				);
				PRODUCT_BUNDLE_IDENTIFIER = "iYasser.Weather-SwiftUI";
				PRODUCT_NAME = "$(TARGET_NAME)";
				SWIFT_VERSION = 5.0;
				TARGETED_DEVICE_FAMILY = "1,2";
			};
			name = Debug;
		};
		18250C5425967FCF00EF8628 /* Release */ = {
			isa = XCBuildConfiguration;
			buildSettings = {
				ASSETCATALOG_COMPILER_APPICON_NAME = AppIcon;
				ASSETCATALOG_COMPILER_GLOBAL_ACCENT_COLOR_NAME = AccentColor;
				CODE_SIGN_STYLE = Automatic;
				DEVELOPMENT_ASSET_PATHS = "\"Weather-SwiftUI/Preview Content\"";
				ENABLE_PREVIEWS = YES;
				INFOPLIST_FILE = "Weather-SwiftUI/Info.plist";
				IPHONEOS_DEPLOYMENT_TARGET = 14.0;
				LD_RUNPATH_SEARCH_PATHS = (
					"$(inherited)",
					"@executable_path/Frameworks",
				);
				PRODUCT_BUNDLE_IDENTIFIER = "iYasser.Weather-SwiftUI";
				PRODUCT_NAME = "$(TARGET_NAME)";
				SWIFT_VERSION = 5.0;
				TARGETED_DEVICE_FAMILY = "1,2";
			};
			name = Release;
		};
/* End XCBuildConfiguration section */

/* Begin XCConfigurationList section */
		18250C3E25967FCE00EF8628 /* Build configuration list for PBXProject "Weather-SwiftUI" */ = {
			isa = XCConfigurationList;
			buildConfigurations = (
				18250C5025967FCF00EF8628 /* Debug */,
				18250C5125967FCF00EF8628 /* Release */,
			);
			defaultConfigurationIsVisible = 0;
			defaultConfigurationName = Release;
		};
		18250C5225967FCF00EF8628 /* Build configuration list for PBXNativeTarget "Weather-SwiftUI" */ = {
			isa = XCConfigurationList;
			buildConfigurations = (
				18250C5325967FCF00EF8628 /* Debug */,
				18250C5425967FCF00EF8628 /* Release */,
			);
			defaultConfigurationIsVisible = 0;
			defaultConfigurationName = Release;
		};
/* End XCConfigurationList section */
	};
	rootObject = 18250C3B25967FCE00EF8628 /* Project object */;
}
